
Microsoft Visual Studio Solution File, Format Version 12.00
# Visual Studio Version 17
VisualStudioVersion = 17.6.33829.357
MinimumVisualStudioVersion = 10.0.40219.1
Project("{9A19103F-16F7-4668-BE54-9A1E7A4F7556}") = "WebApplication2", "WebApplication2\WebApplication2.csproj", "{22971112-0F98-4587-8B4D-66D39DFEE949}"
EndProject
Global
	GlobalSection(SolutionConfigurationPlatforms) = preSolution
		Debug|Any CPU = Debug|Any CPU
		Release|Any CPU = Release|Any CPU
	EndGlobalSection
	GlobalSection(ProjectConfigurationPlatforms) = postSolution
		{22971112-0F98-4587-8B4D-66D39DFEE949}.Debug|Any CPU.ActiveCfg = Debug|Any CPU
		{22971112-0F98-4587-8B4D-66D39DFEE949}.Debug|Any CPU.Build.0 = Debug|Any CPU
		{22971112-0F98-4587-8B4D-66D39DFEE949}.Release|Any CPU.ActiveCfg = Release|Any CPU
		{22971112-0F98-4587-8B4D-66D39DFEE949}.Release|Any CPU.Build.0 = Release|Any CPU
	EndGlobalSection
	GlobalSection(SolutionProperties) = preSolution
		HideSolutionNode = FALSE
	EndGlobalSection
	GlobalSection(ExtensibilityGlobals) = postSolution
		SolutionGuid = {4CF54476-36D7-4239-A552-234427884CCC}
	EndGlobalSection
EndGlobal
